
Microsoft Visual Studio Solution File, Format Version 12.00
# Visual Studio Version 16
VisualStudioVersion = 16.0.31424.327
MinimumVisualStudioVersion = 10.0.40219.1
Project("{9A19103F-16F7-4668-BE54-9A1E7A4F7556}") = "SMSService", "SMS Service Worker\SMSService.csproj", "{7B0373F1-6D0D-4146-9CDB-F3F87F0EE9F2}"
EndProject
Project("{2150E333-8FDC-42A3-9474-1A3956D46DE8}") = "Documents", "Documents", "{A1BC4BF7-FECA-4656-AC98-EA704449F137}"
	ProjectSection(SolutionItems) = preProject
		.editorconfig = .editorconfig
		StatusCodes.txt = StatusCodes.txt
	EndProjectSection
EndProject
Project("{9A19103F-16F7-4668-BE54-9A1E7A4F7556}") = "Backend.DBInfrastructure", "Backend.DBInfrastructure\Backend.DBInfrastructure.csproj", "{60408A62-15D5-4028-A296-A56150CD9A21}"
EndProject
Project("{9A19103F-16F7-4668-BE54-9A1E7A4F7556}") = "Backend.TarantoolDB", "Backend.TarantoolDB\Backend.TarantoolDB.csproj", "{5E5CAD31-8A13-45F9-9D78-560E775BEBF3}"
EndProject
Project("{9A19103F-16F7-4668-BE54-9A1E7A4F7556}") = "Backend.Implemantation", "Backend.Implemantation\Backend.Implemantation.csproj", "{96D3C46B-2D68-49EA-8BD2-EF7CDE976811}"
EndProject
Project("{9A19103F-16F7-4668-BE54-9A1E7A4F7556}") = "Backend.SMSWorker", "Backend.SMSWorker\Backend.SMSWorker.csproj", "{B197998F-69EB-4F1F-A0C8-BF462A76ABE6}"
EndProject
Project("{9A19103F-16F7-4668-BE54-9A1E7A4F7556}") = "Backend.CheckDBWorkers", "Backend.CheckDBWorkers\Backend.CheckDBWorkers.csproj", "{76D9383E-5377-4BCC-B27A-7269FF024C01}"
EndProject
Project("{9A19103F-16F7-4668-BE54-9A1E7A4F7556}") = "Backend.CheckProxyWorker", "Backend.CheckProxyWorker\Backend.CheckProxyWorker.csproj", "{97FBB28E-D8BA-4525-82E0-A0B18BE3DE8E}"
EndProject
Project("{2150E333-8FDC-42A3-9474-1A3956D46DE8}") = "Workers", "Workers", "{1444F015-92F4-4174-B1A7-45F19463653D}"
EndProject
Project("{9A19103F-16F7-4668-BE54-9A1E7A4F7556}") = "Backend.Configuration", "Backend.Configuration\Backend.Configuration.csproj", "{63613ACF-E341-4264-8BC3-379222F0E14F}"
EndProject
Project("{9A19103F-16F7-4668-BE54-9A1E7A4F7556}") = "GrpcService", "GrpcService\GrpcService.csproj", "{9A07C19D-4C43-4A62-AEB7-7819AD63E976}"
EndProject
Project("{2150E333-8FDC-42A3-9474-1A3956D46DE8}") = "Client", "Client", "{2AD283CE-7925-4ED5-957C-C5B139432CA3}"
EndProject
Project("{9A19103F-16F7-4668-BE54-9A1E7A4F7556}") = "Client.DBInfrastructure", "Client.DBInfrastructure\Client.DBInfrastructure.csproj", "{AA66426C-5E00-4AF2-90E5-7DFC12C5E31F}"
EndProject
Project("{9A19103F-16F7-4668-BE54-9A1E7A4F7556}") = "Client.DBMigrations", "Client.DBMigrations\Client.DBMigrations.csproj", "{D4CD5AD9-82B9-41DB-988A-4A4D42C12101}"
EndProject
Project("{9A19103F-16F7-4668-BE54-9A1E7A4F7556}") = "Client.Service", "Client.Service\Client.Service.csproj", "{1991B3A3-F8D0-4088-AD7A-4856BBA240EB}"
EndProject
Project("{9A19103F-16F7-4668-BE54-9A1E7A4F7556}") = "Client.Models", "Client.Models\Client.Models.csproj", "{5D0DEE48-8A7C-4A17-829B-EDFA2F810047}"
EndProject
Project("{9A19103F-16F7-4668-BE54-9A1E7A4F7556}") = "Client.gRPC", "Client.gRPC\Client.gRPC.csproj", "{45605122-73B5-44B6-A204-F71E413AD80E}"
EndProject
Project("{9A19103F-16F7-4668-BE54-9A1E7A4F7556}") = "Client.Configuration", "Client.Configuration\Client.Configuration.csproj", "{C7F4E012-ADA0-46DC-8B02-93C9CE67DC7D}"
EndProject
Project("{9A19103F-16F7-4668-BE54-9A1E7A4F7556}") = "Backend.Models", "Backend.Models.DTO\Backend.Models.csproj", "{F3AE7ABE-B525-495D-A125-9069AAF7F58A}"
EndProject
Project("{2150E333-8FDC-42A3-9474-1A3956D46DE8}") = "Backend", "Backend", "{1B0D91EC-0A76-46AC-A6E9-891BC5296471}"
EndProject
Project("{9A19103F-16F7-4668-BE54-9A1E7A4F7556}") = "Client", "Client\Client.csproj", "{EDD2F21F-CCC2-4D20-BCD4-652FCF283514}"
EndProject
Global
	GlobalSection(SolutionConfigurationPlatforms) = preSolution
		Debug|Any CPU = Debug|Any CPU
		Release|Any CPU = Release|Any CPU
	EndGlobalSection
	GlobalSection(ProjectConfigurationPlatforms) = postSolution
		{7B0373F1-6D0D-4146-9CDB-F3F87F0EE9F2}.Debug|Any CPU.ActiveCfg = Debug|Any CPU
		{7B0373F1-6D0D-4146-9CDB-F3F87F0EE9F2}.Debug|Any CPU.Build.0 = Debug|Any CPU
		{7B0373F1-6D0D-4146-9CDB-F3F87F0EE9F2}.Release|Any CPU.ActiveCfg = Release|Any CPU
		{7B0373F1-6D0D-4146-9CDB-F3F87F0EE9F2}.Release|Any CPU.Build.0 = Release|Any CPU
		{60408A62-15D5-4028-A296-A56150CD9A21}.Debug|Any CPU.ActiveCfg = Debug|Any CPU
		{60408A62-15D5-4028-A296-A56150CD9A21}.Debug|Any CPU.Build.0 = Debug|Any CPU
		{60408A62-15D5-4028-A296-A56150CD9A21}.Release|Any CPU.ActiveCfg = Release|Any CPU
		{60408A62-15D5-4028-A296-A56150CD9A21}.Release|Any CPU.Build.0 = Release|Any CPU
		{5E5CAD31-8A13-45F9-9D78-560E775BEBF3}.Debug|Any CPU.ActiveCfg = Debug|Any CPU
		{5E5CAD31-8A13-45F9-9D78-560E775BEBF3}.Debug|Any CPU.Build.0 = Debug|Any CPU
		{5E5CAD31-8A13-45F9-9D78-560E775BEBF3}.Release|Any CPU.ActiveCfg = Release|Any CPU
		{5E5CAD31-8A13-45F9-9D78-560E775BEBF3}.Release|Any CPU.Build.0 = Release|Any CPU
		{96D3C46B-2D68-49EA-8BD2-EF7CDE976811}.Debug|Any CPU.ActiveCfg = Debug|Any CPU
		{96D3C46B-2D68-49EA-8BD2-EF7CDE976811}.Debug|Any CPU.Build.0 = Debug|Any CPU
		{96D3C46B-2D68-49EA-8BD2-EF7CDE976811}.Release|Any CPU.ActiveCfg = Release|Any CPU
		{96D3C46B-2D68-49EA-8BD2-EF7CDE976811}.Release|Any CPU.Build.0 = Release|Any CPU
		{B197998F-69EB-4F1F-A0C8-BF462A76ABE6}.Debug|Any CPU.ActiveCfg = Debug|Any CPU
		{B197998F-69EB-4F1F-A0C8-BF462A76ABE6}.Debug|Any CPU.Build.0 = Debug|Any CPU
		{B197998F-69EB-4F1F-A0C8-BF462A76ABE6}.Release|Any CPU.ActiveCfg = Release|Any CPU
		{B197998F-69EB-4F1F-A0C8-BF462A76ABE6}.Release|Any CPU.Build.0 = Release|Any CPU
		{76D9383E-5377-4BCC-B27A-7269FF024C01}.Debug|Any CPU.ActiveCfg = Debug|Any CPU
		{76D9383E-5377-4BCC-B27A-7269FF024C01}.Debug|Any CPU.Build.0 = Debug|Any CPU
		{76D9383E-5377-4BCC-B27A-7269FF024C01}.Release|Any CPU.ActiveCfg = Release|Any CPU
		{76D9383E-5377-4BCC-B27A-7269FF024C01}.Release|Any CPU.Build.0 = Release|Any CPU
		{97FBB28E-D8BA-4525-82E0-A0B18BE3DE8E}.Debug|Any CPU.ActiveCfg = Debug|Any CPU
		{97FBB28E-D8BA-4525-82E0-A0B18BE3DE8E}.Debug|Any CPU.Build.0 = Debug|Any CPU
		{97FBB28E-D8BA-4525-82E0-A0B18BE3DE8E}.Release|Any CPU.ActiveCfg = Release|Any CPU
		{97FBB28E-D8BA-4525-82E0-A0B18BE3DE8E}.Release|Any CPU.Build.0 = Release|Any CPU
		{63613ACF-E341-4264-8BC3-379222F0E14F}.Debug|Any CPU.ActiveCfg = Debug|Any CPU
		{63613ACF-E341-4264-8BC3-379222F0E14F}.Debug|Any CPU.Build.0 = Debug|Any CPU
		{63613ACF-E341-4264-8BC3-379222F0E14F}.Release|Any CPU.ActiveCfg = Release|Any CPU
		{63613ACF-E341-4264-8BC3-379222F0E14F}.Release|Any CPU.Build.0 = Release|Any CPU
		{9A07C19D-4C43-4A62-AEB7-7819AD63E976}.Debug|Any CPU.ActiveCfg = Debug|Any CPU
		{9A07C19D-4C43-4A62-AEB7-7819AD63E976}.Debug|Any CPU.Build.0 = Debug|Any CPU
		{9A07C19D-4C43-4A62-AEB7-7819AD63E976}.Release|Any CPU.ActiveCfg = Release|Any CPU
		{9A07C19D-4C43-4A62-AEB7-7819AD63E976}.Release|Any CPU.Build.0 = Release|Any CPU
		{AA66426C-5E00-4AF2-90E5-7DFC12C5E31F}.Debug|Any CPU.ActiveCfg = Debug|Any CPU
		{AA66426C-5E00-4AF2-90E5-7DFC12C5E31F}.Debug|Any CPU.Build.0 = Debug|Any CPU
		{AA66426C-5E00-4AF2-90E5-7DFC12C5E31F}.Release|Any CPU.ActiveCfg = Release|Any CPU
		{AA66426C-5E00-4AF2-90E5-7DFC12C5E31F}.Release|Any CPU.Build.0 = Release|Any CPU
		{D4CD5AD9-82B9-41DB-988A-4A4D42C12101}.Debug|Any CPU.ActiveCfg = Debug|Any CPU
		{D4CD5AD9-82B9-41DB-988A-4A4D42C12101}.Debug|Any CPU.Build.0 = Debug|Any CPU
		{D4CD5AD9-82B9-41DB-988A-4A4D42C12101}.Release|Any CPU.ActiveCfg = Release|Any CPU
		{D4CD5AD9-82B9-41DB-988A-4A4D42C12101}.Release|Any CPU.Build.0 = Release|Any CPU
		{1991B3A3-F8D0-4088-AD7A-4856BBA240EB}.Debug|Any CPU.ActiveCfg = Debug|Any CPU
		{1991B3A3-F8D0-4088-AD7A-4856BBA240EB}.Debug|Any CPU.Build.0 = Debug|Any CPU
		{1991B3A3-F8D0-4088-AD7A-4856BBA240EB}.Release|Any CPU.ActiveCfg = Release|Any CPU
		{1991B3A3-F8D0-4088-AD7A-4856BBA240EB}.Release|Any CPU.Build.0 = Release|Any CPU
		{5D0DEE48-8A7C-4A17-829B-EDFA2F810047}.Debug|Any CPU.ActiveCfg = Debug|Any CPU
		{5D0DEE48-8A7C-4A17-829B-EDFA2F810047}.Debug|Any CPU.Build.0 = Debug|Any CPU
		{5D0DEE48-8A7C-4A17-829B-EDFA2F810047}.Release|Any CPU.ActiveCfg = Release|Any CPU
		{5D0DEE48-8A7C-4A17-829B-EDFA2F810047}.Release|Any CPU.Build.0 = Release|Any CPU
		{45605122-73B5-44B6-A204-F71E413AD80E}.Debug|Any CPU.ActiveCfg = Debug|Any CPU
		{45605122-73B5-44B6-A204-F71E413AD80E}.Debug|Any CPU.Build.0 = Debug|Any CPU
		{45605122-73B5-44B6-A204-F71E413AD80E}.Release|Any CPU.ActiveCfg = Release|Any CPU
		{45605122-73B5-44B6-A204-F71E413AD80E}.Release|Any CPU.Build.0 = Release|Any CPU
		{C7F4E012-ADA0-46DC-8B02-93C9CE67DC7D}.Debug|Any CPU.ActiveCfg = Debug|Any CPU
		{C7F4E012-ADA0-46DC-8B02-93C9CE67DC7D}.Debug|Any CPU.Build.0 = Debug|Any CPU
		{C7F4E012-ADA0-46DC-8B02-93C9CE67DC7D}.Release|Any CPU.ActiveCfg = Release|Any CPU
		{C7F4E012-ADA0-46DC-8B02-93C9CE67DC7D}.Release|Any CPU.Build.0 = Release|Any CPU
		{F3AE7ABE-B525-495D-A125-9069AAF7F58A}.Debug|Any CPU.ActiveCfg = Debug|Any CPU
		{F3AE7ABE-B525-495D-A125-9069AAF7F58A}.Debug|Any CPU.Build.0 = Debug|Any CPU
		{F3AE7ABE-B525-495D-A125-9069AAF7F58A}.Release|Any CPU.ActiveCfg = Release|Any CPU
		{F3AE7ABE-B525-495D-A125-9069AAF7F58A}.Release|Any CPU.Build.0 = Release|Any CPU
		{EDD2F21F-CCC2-4D20-BCD4-652FCF283514}.Debug|Any CPU.ActiveCfg = Debug|Any CPU
		{EDD2F21F-CCC2-4D20-BCD4-652FCF283514}.Debug|Any CPU.Build.0 = Debug|Any CPU
		{EDD2F21F-CCC2-4D20-BCD4-652FCF283514}.Release|Any CPU.ActiveCfg = Release|Any CPU
		{EDD2F21F-CCC2-4D20-BCD4-652FCF283514}.Release|Any CPU.Build.0 = Release|Any CPU
	EndGlobalSection
	GlobalSection(SolutionProperties) = preSolution
		HideSolutionNode = FALSE
	EndGlobalSection
	GlobalSection(NestedProjects) = preSolution
		{7B0373F1-6D0D-4146-9CDB-F3F87F0EE9F2} = {1B0D91EC-0A76-46AC-A6E9-891BC5296471}
		{60408A62-15D5-4028-A296-A56150CD9A21} = {1B0D91EC-0A76-46AC-A6E9-891BC5296471}
		{5E5CAD31-8A13-45F9-9D78-560E775BEBF3} = {1B0D91EC-0A76-46AC-A6E9-891BC5296471}
		{96D3C46B-2D68-49EA-8BD2-EF7CDE976811} = {1B0D91EC-0A76-46AC-A6E9-891BC5296471}
		{B197998F-69EB-4F1F-A0C8-BF462A76ABE6} = {1444F015-92F4-4174-B1A7-45F19463653D}
		{76D9383E-5377-4BCC-B27A-7269FF024C01} = {1444F015-92F4-4174-B1A7-45F19463653D}
		{97FBB28E-D8BA-4525-82E0-A0B18BE3DE8E} = {1444F015-92F4-4174-B1A7-45F19463653D}
		{1444F015-92F4-4174-B1A7-45F19463653D} = {1B0D91EC-0A76-46AC-A6E9-891BC5296471}
		{63613ACF-E341-4264-8BC3-379222F0E14F} = {1B0D91EC-0A76-46AC-A6E9-891BC5296471}
		{9A07C19D-4C43-4A62-AEB7-7819AD63E976} = {1B0D91EC-0A76-46AC-A6E9-891BC5296471}
		{AA66426C-5E00-4AF2-90E5-7DFC12C5E31F} = {2AD283CE-7925-4ED5-957C-C5B139432CA3}
		{D4CD5AD9-82B9-41DB-988A-4A4D42C12101} = {2AD283CE-7925-4ED5-957C-C5B139432CA3}
		{1991B3A3-F8D0-4088-AD7A-4856BBA240EB} = {2AD283CE-7925-4ED5-957C-C5B139432CA3}
		{5D0DEE48-8A7C-4A17-829B-EDFA2F810047} = {2AD283CE-7925-4ED5-957C-C5B139432CA3}
		{45605122-73B5-44B6-A204-F71E413AD80E} = {2AD283CE-7925-4ED5-957C-C5B139432CA3}
		{C7F4E012-ADA0-46DC-8B02-93C9CE67DC7D} = {2AD283CE-7925-4ED5-957C-C5B139432CA3}
		{F3AE7ABE-B525-495D-A125-9069AAF7F58A} = {1B0D91EC-0A76-46AC-A6E9-891BC5296471}
		{EDD2F21F-CCC2-4D20-BCD4-652FCF283514} = {2AD283CE-7925-4ED5-957C-C5B139432CA3}
	EndGlobalSection
	GlobalSection(ExtensibilityGlobals) = postSolution
		SolutionGuid = {C44CD384-CC4A-4A76-B359-6A3CE0A9A772}
	EndGlobalSection
EndGlobal
